// !$*UTF8*$!
{
	archiveVersion = 1;
	classes = {
	};
	objectVersion = 46;
	objects = {

/* Begin PBXBuildFile section */
		102D199D1E468DA200AF7E78 /* AppDelegate.swift in Sources */ = {isa = PBXBuildFile; fileRef = 102D199C1E468DA200AF7E78 /* AppDelegate.swift */; };
		102D199F1E468DA200AF7E78 /* ViewController.swift in Sources */ = {isa = PBXBuildFile; fileRef = 102D199E1E468DA200AF7E78 /* ViewController.swift */; };
		102D19A21E468DA200AF7E78 /* Main.storyboard in Resources */ = {isa = PBXBuildFile; fileRef = 102D19A01E468DA200AF7E78 /* Main.storyboard */; };
		102D19A41E468DA200AF7E78 /* Assets.xcassets in Resources */ = {isa = PBXBuildFile; fileRef = 102D19A31E468DA200AF7E78 /* Assets.xcassets */; };
		102D19A71E468DA200AF7E78 /* LaunchScreen.storyboard in Resources */ = {isa = PBXBuildFile; fileRef = 102D19A51E468DA200AF7E78 /* LaunchScreen.storyboard */; };
		102D19B21E4694B000AF7E78 /* ProgressBarDraw.swift in Sources */ = {isa = PBXBuildFile; fileRef = 102D19B11E4694B000AF7E78 /* ProgressBarDraw.swift */; };
		102D19B41E46950500AF7E78 /* ProgressBarView.swift in Sources */ = {isa = PBXBuildFile; fileRef = 102D19B31E46950500AF7E78 /* ProgressBarView.swift */; };
/* End PBXBuildFile section */

/* Begin PBXFileReference section */
		102D19991E468DA200AF7E78 /* ProgressBarFun.app */ = {isa = PBXFileReference; explicitFileType = wrapper.application; includeInIndex = 0; path = ProgressBarFun.app; sourceTree = BUILT_PRODUCTS_DIR; };
		102D199C1E468DA200AF7E78 /* AppDelegate.swift */ = {isa = PBXFileReference; lastKnownFileType = sourcecode.swift; path = AppDelegate.swift; sourceTree = "<group>"; };
		102D199E1E468DA200AF7E78 /* ViewController.swift */ = {isa = PBXFileReference; lastKnownFileType = sourcecode.swift; path = ViewController.swift; sourceTree = "<group>"; };
		102D19A11E468DA200AF7E78 /* Base */ = {isa = PBXFileReference; lastKnownFileType = file.storyboard; name = Base; path = Base.lproj/Main.storyboard; sourceTree = "<group>"; };
		102D19A31E468DA200AF7E78 /* Assets.xcassets */ = {isa = PBXFileReference; lastKnownFileType = folder.assetcatalog; path = Assets.xcassets; sourceTree = "<group>"; };
		102D19A61E468DA200AF7E78 /* Base */ = {isa = PBXFileReference; lastKnownFileType = file.storyboard; name = Base; path = Base.lproj/LaunchScreen.storyboard; sourceTree = "<group>"; };
		102D19A81E468DA200AF7E78 /* Info.plist */ = {isa = PBXFileReference; lastKnownFileType = text.plist.xml; path = Info.plist; sourceTree = "<group>"; };
		102D19B11E4694B000AF7E78 /* ProgressBarDraw.swift */ = {isa = PBXFileReference; fileEncoding = 4; lastKnownFileType = sourcecode.swift; path = ProgressBarDraw.swift; sourceTree = "<group>"; };
		102D19B31E46950500AF7E78 /* ProgressBarView.swift */ = {isa = PBXFileReference; fileEncoding = 4; lastKnownFileType = sourcecode.swift; path = ProgressBarView.swift; sourceTree = "<group>"; };
/* End PBXFileReference section */

/* Begin PBXFrameworksBuildPhase section */
		102D19961E468DA200AF7E78 /* Frameworks */ = {
			isa = PBXFrameworksBuildPhase;
			buildActionMask = 2147483647;
			files = (
			);
			runOnlyForDeploymentPostprocessing = 0;
		};
/* End PBXFrameworksBuildPhase section */

/* Begin PBXGroup section */
		102D19901E468DA200AF7E78 = {
			isa = PBXGroup;
			children = (
				102D199B1E468DA200AF7E78 /* ProgressBarFun */,
				102D199A1E468DA200AF7E78 /* Products */,
			);
			sourceTree = "<group>";
		};
		102D199A1E468DA200AF7E78 /* Products */ = {
			isa = PBXGroup;
			children = (
				102D19991E468DA200AF7E78 /* ProgressBarFun.app */,
			);
			name = Products;
			sourceTree = "<group>";
		};
		102D199B1E468DA200AF7E78 /* ProgressBarFun */ = {
			isa = PBXGroup;
			children = (
				102D19B01E46944900AF7E78 /* Model */,
				102D19AF1E46944400AF7E78 /* View */,
				102D19AE1E46943D00AF7E78 /* Controller */,
				102D199C1E468DA200AF7E78 /* AppDelegate.swift */,
				102D19A01E468DA200AF7E78 /* Main.storyboard */,
				102D19A31E468DA200AF7E78 /* Assets.xcassets */,
				102D19A51E468DA200AF7E78 /* LaunchScreen.storyboard */,
				102D19A81E468DA200AF7E78 /* Info.plist */,
			);
			path = ProgressBarFun;
			sourceTree = "<group>";
		};
		102D19AE1E46943D00AF7E78 /* Controller */ = {
			isa = PBXGroup;
			children = (
				102D199E1E468DA200AF7E78 /* ViewController.swift */,
			);
			name = Controller;
			sourceTree = "<group>";
		};
		102D19AF1E46944400AF7E78 /* View */ = {
			isa = PBXGroup;
			children = (
				102D19B11E4694B000AF7E78 /* ProgressBarDraw.swift */,
				102D19B31E46950500AF7E78 /* ProgressBarView.swift */,
			);
			name = View;
			sourceTree = "<group>";
		};
		102D19B01E46944900AF7E78 /* Model */ = {
			isa = PBXGroup;
			children = (
			);
			name = Model;
			sourceTree = "<group>";
		};
/* End PBXGroup section */

/* Begin PBXNativeTarget section */
		102D19981E468DA200AF7E78 /* ProgressBarFun */ = {
			isa = PBXNativeTarget;
			buildConfigurationList = 102D19AB1E468DA200AF7E78 /* Build configuration list for PBXNativeTarget "ProgressBarFun" */;
			buildPhases = (
				102D19951E468DA200AF7E78 /* Sources */,
				102D19961E468DA200AF7E78 /* Frameworks */,
				102D19971E468DA200AF7E78 /* Resources */,
			);
			buildRules = (
			);
			dependencies = (
			);
			name = ProgressBarFun;
			productName = ProgressBarFun;
			productReference = 102D19991E468DA200AF7E78 /* ProgressBarFun.app */;
			productType = "com.apple.product-type.application";
		};
/* End PBXNativeTarget section */

/* Begin PBXProject section */
		102D19911E468DA200AF7E78 /* Project object */ = {
			isa = PBXProject;
			attributes = {
				LastSwiftUpdateCheck = 0820;
				LastUpgradeCheck = 0820;
				ORGANIZATIONNAME = "Mohammad Hemani";
				TargetAttributes = {
					102D19981E468DA200AF7E78 = {
						CreatedOnToolsVersion = 8.2.1;
						ProvisioningStyle = Automatic;
					};
				};
			};
			buildConfigurationList = 102D19941E468DA200AF7E78 /* Build configuration list for PBXProject "ProgressBarFun" */;
			compatibilityVersion = "Xcode 3.2";
			developmentRegion = English;
			hasScannedForEncodings = 0;
			knownRegions = (
				en,
				Base,
			);
			mainGroup = 102D19901E468DA200AF7E78;
			productRefGroup = 102D199A1E468DA200AF7E78 /* Products */;
			projectDirPath = "";
			projectRoot = "";
			targets = (
				102D19981E468DA200AF7E78 /* ProgressBarFun */,
			);
		};
/* End PBXProject section */

/* Begin PBXResourcesBuildPhase section */
		102D19971E468DA200AF7E78 /* Resources */ = {
			isa = PBXResourcesBuildPhase;
			buildActionMask = 2147483647;
			files = (
				102D19A71E468DA200AF7E78 /* LaunchScreen.storyboard in Resources */,
				102D19A41E468DA200AF7E78 /* Assets.xcassets in Resources */,
				102D19A21E468DA200AF7E78 /* Main.storyboard in Resources */,
			);
			runOnlyForDeploymentPostprocessing = 0;
		};
/* End PBXResourcesBuildPhase section */

/* Begin PBXSourcesBuildPhase section */
		102D19951E468DA200AF7E78 /* Sources */ = {
			isa = PBXSourcesBuildPhase;
			buildActionMask = 2147483647;
			files = (
				102D19B21E4694B000AF7E78 /* ProgressBarDraw.swift in Sources */,
				102D19B41E46950500AF7E78 /* ProgressBarView.swift in Sources */,
				102D199F1E468DA200AF7E78 /* ViewController.swift in Sources */,
				102D199D1E468DA200AF7E78 /* AppDelegate.swift in Sources */,
			);
			runOnlyForDeploymentPostprocessing = 0;
		};
/* End PBXSourcesBuildPhase section */

/* Begin PBXVariantGroup section */
		102D19A01E468DA200AF7E78 /* Main.storyboard */ = {
			isa = PBXVariantGroup;
			children = (
				102D19A11E468DA200AF7E78 /* Base */,
			);
			name = Main.storyboard;
			sourceTree = "<group>";
		};
		102D19A51E468DA200AF7E78 /* LaunchScreen.storyboard */ = {
			isa = PBXVariantGroup;
			children = (
				102D19A61E468DA200AF7E78 /* Base */,
			);
			name = LaunchScreen.storyboard;
			sourceTree = "<group>";
		};
/* End PBXVariantGroup section */

/* Begin XCBuildConfiguration section */
		102D19A91E468DA200AF7E78 /* Debug */ = {
			isa = XCBuildConfiguration;
			buildSettings = {
				ALWAYS_SEARCH_USER_PATHS = NO;
				CLANG_ANALYZER_NONNULL = YES;
				CLANG_CXX_LANGUAGE_STANDARD = "gnu++0x";
				CLANG_CXX_LIBRARY = "libc++";
				CLANG_ENABLE_MODULES = YES;
				CLANG_ENABLE_OBJC_ARC = YES;
				CLANG_WARN_BOOL_CONVERSION = YES;
				CLANG_WARN_CONSTANT_CONVERSION = YES;
				CLANG_WARN_DIRECT_OBJC_ISA_USAGE = YES_ERROR;
				CLANG_WARN_DOCUMENTATION_COMMENTS = YES;
				CLANG_WARN_EMPTY_BODY = YES;
				CLANG_WARN_ENUM_CONVERSION = YES;
				CLANG_WARN_INFINITE_RECURSION = YES;
				CLANG_WARN_INT_CONVERSION = YES;
				CLANG_WARN_OBJC_ROOT_CLASS = YES_ERROR;
				CLANG_WARN_SUSPICIOUS_MOVE = YES;
				CLANG_WARN_UNREACHABLE_CODE = YES;
				CLANG_WARN__DUPLICATE_METHOD_MATCH = YES;
				"CODE_SIGN_IDENTITY[sdk=iphoneos*]" = "iPhone Developer";
				COPY_PHASE_STRIP = NO;
				DEBUG_INFORMATION_FORMAT = dwarf;
				ENABLE_STRICT_OBJC_MSGSEND = YES;
				ENABLE_TESTABILITY = YES;
				GCC_C_LANGUAGE_STANDARD = gnu99;
				GCC_DYNAMIC_NO_PIC = NO;
				GCC_NO_COMMON_BLOCKS = YES;
				GCC_OPTIMIZATION_LEVEL = 0;
				GCC_PREPROCESSOR_DEFINITIONS = (
					"DEBUG=1",
					"$(inherited)",
				);
				GCC_WARN_64_TO_32_BIT_CONVERSION = YES;
				GCC_WARN_ABOUT_RETURN_TYPE = YES_ERROR;
				GCC_WARN_UNDECLARED_SELECTOR = YES;
				GCC_WARN_UNINITIALIZED_AUTOS = YES_AGGRESSIVE;
				GCC_WARN_UNUSED_FUNCTION = YES;
				GCC_WARN_UNUSED_VARIABLE = YES;
				IPHONEOS_DEPLOYMENT_TARGET = 10.2;
				MTL_ENABLE_DEBUG_INFO = YES;
				ONLY_ACTIVE_ARCH = YES;
				SDKROOT = iphoneos;
				SWIFT_ACTIVE_COMPILATION_CONDITIONS = DEBUG;
				SWIFT_OPTIMIZATION_LEVEL = "-Onone";
				TARGETED_DEVICE_FAMILY = "1,2";
			};
			name = Debug;
		};
		102D19AA1E468DA200AF7E78 /* Release */ = {
			isa = XCBuildConfiguration;
			buildSettings = {
				ALWAYS_SEARCH_USER_PATHS = NO;
				CLANG_ANALYZER_NONNULL = YES;
				CLANG_CXX_LANGUAGE_STANDARD = "gnu++0x";
				CLANG_CXX_LIBRARY = "libc++";
				CLANG_ENABLE_MODULES = YES;
				CLANG_ENABLE_OBJC_ARC = YES;
				CLANG_WARN_BOOL_CONVERSION = YES;
				CLANG_WARN_CONSTANT_CONVERSION = YES;
				CLANG_WARN_DIRECT_OBJC_ISA_USAGE = YES_ERROR;
				CLANG_WARN_DOCUMENTATION_COMMENTS = YES;
				CLANG_WARN_EMPTY_BODY = YES;
				CLANG_WARN_ENUM_CONVERSION = YES;
				CLANG_WARN_INFINITE_RECURSION = YES;
				CLANG_WARN_INT_CONVERSION = YES;
				CLANG_WARN_OBJC_ROOT_CLASS = YES_ERROR;
				CLANG_WARN_SUSPICIOUS_MOVE = YES;
				CLANG_WARN_UNREACHABLE_CODE = YES;
				CLANG_WARN__DUPLICATE_METHOD_MATCH = YES;
				"CODE_SIGN_IDENTITY[sdk=iphoneos*]" = "iPhone Developer";
				COPY_PHASE_STRIP = NO;
				DEBUG_INFORMATION_FORMAT = "dwarf-with-dsym";
				ENABLE_NS_ASSERTIONS = NO;
				ENABLE_STRICT_OBJC_MSGSEND = YES;
				GCC_C_LANGUAGE_STANDARD = gnu99;
				GCC_NO_COMMON_BLOCKS = YES;
				GCC_WARN_64_TO_32_BIT_CONVERSION = YES;
				GCC_WARN_ABOUT_RETURN_TYPE = YES_ERROR;
				GCC_WARN_UNDECLARED_SELECTOR = YES;
				GCC_WARN_UNINITIALIZED_AUTOS = YES_AGGRESSIVE;
				GCC_WARN_UNUSED_FUNCTION = YES;
				GCC_WARN_UNUSED_VARIABLE = YES;
				IPHONEOS_DEPLOYMENT_TARGET = 10.2;
				MTL_ENABLE_DEBUG_INFO = NO;
				SDKROOT = iphoneos;
				SWIFT_OPTIMIZATION_LEVEL = "-Owholemodule";
				TARGETED_DEVICE_FAMILY = "1,2";
				VALIDATE_PRODUCT = YES;
			};
			name = Release;
		};
		102D19AC1E468DA200AF7E78 /* Debug */ = {
			isa = XCBuildConfiguration;
			buildSettings = {
				ASSETCATALOG_COMPILER_APPICON_NAME = AppIcon;
				INFOPLIST_FILE = ProgressBarFun/Info.plist;
				LD_RUNPATH_SEARCH_PATHS = "$(inherited) @executable_path/Frameworks";
				PRODUCT_BUNDLE_IDENTIFIER = com.mshayanh13.ProgressBarFun;
				PRODUCT_NAME = "$(TARGET_NAME)";
				SWIFT_VERSION = 3.0;
			};
			name = Debug;
		};
		102D19AD1E468DA200AF7E78 /* Release */ = {
			isa = XCBuildConfiguration;
			buildSettings = {
				ASSETCATALOG_COMPILER_APPICON_NAME = AppIcon;
				INFOPLIST_FILE = ProgressBarFun/Info.plist;
				LD_RUNPATH_SEARCH_PATHS = "$(inherited) @executable_path/Frameworks";
				PRODUCT_BUNDLE_IDENTIFIER = com.mshayanh13.ProgressBarFun;
				PRODUCT_NAME = "$(TARGET_NAME)";
				SWIFT_VERSION = 3.0;
			};
			name = Release;
		};
/* End XCBuildConfiguration section */

/* Begin XCConfigurationList section */
		102D19941E468DA200AF7E78 /* Build configuration list for PBXProject "ProgressBarFun" */ = {
			isa = XCConfigurationList;
			buildConfigurations = (
				102D19A91E468DA200AF7E78 /* Debug */,
				102D19AA1E468DA200AF7E78 /* Release */,
			);
			defaultConfigurationIsVisible = 0;
			defaultConfigurationName = Release;
		};
		102D19AB1E468DA200AF7E78 /* Build configuration list for PBXNativeTarget "ProgressBarFun" */ = {
			isa = XCConfigurationList;
			buildConfigurations = (
				102D19AC1E468DA200AF7E78 /* Debug */,
				102D19AD1E468DA200AF7E78 /* Release */,
			);
			defaultConfigurationIsVisible = 0;
		};
/* End XCConfigurationList section */
	};
	rootObject = 102D19911E468DA200AF7E78 /* Project object */;
}
